// !$*UTF8*$!
{
	archiveVersion = 1;
	classes = {
	};
	objectVersion = 50;
	objects = {

/* Begin PBXBuildFile section */
		046B810E21E60DA400819A83 /* FaceCropper.swift in Sources */ = {isa = PBXBuildFile; fileRef = 046B810D21E60DA400819A83 /* FaceCropper.swift */; };
		4EAD4CC058BDDB7A43840F40 /* Pods_FaceIDPOC.framework in Frameworks */ = {isa = PBXBuildFile; fileRef = 59871FFA11992197CC38862B /* Pods_FaceIDPOC.framework */; };
		58067EC221E5B2250059E863 /* ScanViewController.swift in Sources */ = {isa = PBXBuildFile; fileRef = 58067EC121E5B2250059E863 /* ScanViewController.swift */; };
		58067EC421E5B2950059E863 /* UIImageExtensions.swift in Sources */ = {isa = PBXBuildFile; fileRef = 58067EC321E5B2950059E863 /* UIImageExtensions.swift */; };
		581CF3D521E58AC50068BD76 /* OnboardingViewController.swift in Sources */ = {isa = PBXBuildFile; fileRef = 581CF3D421E58AC50068BD76 /* OnboardingViewController.swift */; };
		581CF3D721E58B1C0068BD76 /* RecordVideoViewController.swift in Sources */ = {isa = PBXBuildFile; fileRef = 581CF3D621E58B1C0068BD76 /* RecordVideoViewController.swift */; };
		589BF65B21E514740003C90E /* AppDelegate.swift in Sources */ = {isa = PBXBuildFile; fileRef = 589BF65A21E514740003C90E /* AppDelegate.swift */; };
		589BF66021E514740003C90E /* Main.storyboard in Resources */ = {isa = PBXBuildFile; fileRef = 589BF65E21E514740003C90E /* Main.storyboard */; };
		589BF66221E514780003C90E /* Assets.xcassets in Resources */ = {isa = PBXBuildFile; fileRef = 589BF66121E514780003C90E /* Assets.xcassets */; };
		589BF66521E514780003C90E /* LaunchScreen.storyboard in Resources */ = {isa = PBXBuildFile; fileRef = 589BF66321E514780003C90E /* LaunchScreen.storyboard */; };
		A37ACB4121E612B6006316D8 /* FaceRecognition.mlmodel in Sources */ = {isa = PBXBuildFile; fileRef = A37ACB4021E612B6006316D8 /* FaceRecognition.mlmodel */; };
/* End PBXBuildFile section */

/* Begin PBXFileReference section */
		046B810D21E60DA400819A83 /* FaceCropper.swift */ = {isa = PBXFileReference; lastKnownFileType = sourcecode.swift; path = FaceCropper.swift; sourceTree = "<group>"; };
		58067EC121E5B2250059E863 /* ScanViewController.swift */ = {isa = PBXFileReference; lastKnownFileType = sourcecode.swift; path = ScanViewController.swift; sourceTree = "<group>"; };
		58067EC321E5B2950059E863 /* UIImageExtensions.swift */ = {isa = PBXFileReference; lastKnownFileType = sourcecode.swift; path = UIImageExtensions.swift; sourceTree = "<group>"; };
		581CF3D421E58AC50068BD76 /* OnboardingViewController.swift */ = {isa = PBXFileReference; lastKnownFileType = sourcecode.swift; path = OnboardingViewController.swift; sourceTree = "<group>"; };
		581CF3D621E58B1C0068BD76 /* RecordVideoViewController.swift */ = {isa = PBXFileReference; lastKnownFileType = sourcecode.swift; path = RecordVideoViewController.swift; sourceTree = "<group>"; };
		589BF65721E514740003C90E /* FaceIDPOC.app */ = {isa = PBXFileReference; explicitFileType = wrapper.application; includeInIndex = 0; path = FaceIDPOC.app; sourceTree = BUILT_PRODUCTS_DIR; };
		589BF65A21E514740003C90E /* AppDelegate.swift */ = {isa = PBXFileReference; lastKnownFileType = sourcecode.swift; path = AppDelegate.swift; sourceTree = "<group>"; };
		589BF65F21E514740003C90E /* Base */ = {isa = PBXFileReference; lastKnownFileType = file.storyboard; name = Base; path = Base.lproj/Main.storyboard; sourceTree = "<group>"; };
		589BF66121E514780003C90E /* Assets.xcassets */ = {isa = PBXFileReference; lastKnownFileType = folder.assetcatalog; path = Assets.xcassets; sourceTree = "<group>"; };
		589BF66421E514780003C90E /* Base */ = {isa = PBXFileReference; lastKnownFileType = file.storyboard; name = Base; path = Base.lproj/LaunchScreen.storyboard; sourceTree = "<group>"; };
		589BF66621E514780003C90E /* Info.plist */ = {isa = PBXFileReference; lastKnownFileType = text.plist.xml; path = Info.plist; sourceTree = "<group>"; };
		59871FFA11992197CC38862B /* Pods_FaceIDPOC.framework */ = {isa = PBXFileReference; explicitFileType = wrapper.framework; includeInIndex = 0; path = Pods_FaceIDPOC.framework; sourceTree = BUILT_PRODUCTS_DIR; };
		9054E5FDFDFD1322AD100735 /* Pods-FaceIDPOC.release.xcconfig */ = {isa = PBXFileReference; includeInIndex = 1; lastKnownFileType = text.xcconfig; name = "Pods-FaceIDPOC.release.xcconfig"; path = "Pods/Target Support Files/Pods-FaceIDPOC/Pods-FaceIDPOC.release.xcconfig"; sourceTree = "<group>"; };
		A37ACB4021E612B6006316D8 /* FaceRecognition.mlmodel */ = {isa = PBXFileReference; lastKnownFileType = file.mlmodel; path = FaceRecognition.mlmodel; sourceTree = "<group>"; };
		DD6F09E2E8E92C24326B45BC /* Pods-FaceIDPOC.debug.xcconfig */ = {isa = PBXFileReference; includeInIndex = 1; lastKnownFileType = text.xcconfig; name = "Pods-FaceIDPOC.debug.xcconfig"; path = "Pods/Target Support Files/Pods-FaceIDPOC/Pods-FaceIDPOC.debug.xcconfig"; sourceTree = "<group>"; };
/* End PBXFileReference section */

/* Begin PBXFrameworksBuildPhase section */
		589BF65421E514740003C90E /* Frameworks */ = {
			isa = PBXFrameworksBuildPhase;
			buildActionMask = 2147483647;
			files = (
				4EAD4CC058BDDB7A43840F40 /* Pods_FaceIDPOC.framework in Frameworks */,
			);
			runOnlyForDeploymentPostprocessing = 0;
		};
/* End PBXFrameworksBuildPhase section */

/* Begin PBXGroup section */
		3070F21FE13538C1D4471B7F /* Pods */ = {
			isa = PBXGroup;
			children = (
				DD6F09E2E8E92C24326B45BC /* Pods-FaceIDPOC.debug.xcconfig */,
				9054E5FDFDFD1322AD100735 /* Pods-FaceIDPOC.release.xcconfig */,
			);
			name = Pods;
			sourceTree = "<group>";
		};
		589BF64E21E514740003C90E = {
			isa = PBXGroup;
			children = (
				589BF65921E514740003C90E /* FaceIDPOC */,
				589BF65821E514740003C90E /* Products */,
				3070F21FE13538C1D4471B7F /* Pods */,
				A309B2FBC257630A6361D59C /* Frameworks */,
			);
			sourceTree = "<group>";
		};
		589BF65821E514740003C90E /* Products */ = {
			isa = PBXGroup;
			children = (
				589BF65721E514740003C90E /* FaceIDPOC.app */,
			);
			name = Products;
			sourceTree = "<group>";
		};
		589BF65921E514740003C90E /* FaceIDPOC */ = {
			isa = PBXGroup;
			children = (
				589BF65A21E514740003C90E /* AppDelegate.swift */,
				589BF65E21E514740003C90E /* Main.storyboard */,
				589BF66121E514780003C90E /* Assets.xcassets */,
				589BF66321E514780003C90E /* LaunchScreen.storyboard */,
				A37ACB4021E612B6006316D8 /* FaceRecognition.mlmodel */,
				589BF66621E514780003C90E /* Info.plist */,
				581CF3D421E58AC50068BD76 /* OnboardingViewController.swift */,
				581CF3D621E58B1C0068BD76 /* RecordVideoViewController.swift */,
				58067EC121E5B2250059E863 /* ScanViewController.swift */,
				58067EC321E5B2950059E863 /* UIImageExtensions.swift */,
				046B810D21E60DA400819A83 /* FaceCropper.swift */,
			);
			path = FaceIDPOC;
			sourceTree = "<group>";
		};
		A309B2FBC257630A6361D59C /* Frameworks */ = {
			isa = PBXGroup;
			children = (
				59871FFA11992197CC38862B /* Pods_FaceIDPOC.framework */,
			);
			name = Frameworks;
			sourceTree = "<group>";
		};
/* End PBXGroup section */

/* Begin PBXNativeTarget section */
		589BF65621E514740003C90E /* FaceIDPOC */ = {
			isa = PBXNativeTarget;
			buildConfigurationList = 589BF66921E514780003C90E /* Build configuration list for PBXNativeTarget "FaceIDPOC" */;
			buildPhases = (
				E3113CD7E795A8D40A5A4AA5 /* [CP] Check Pods Manifest.lock */,
				589BF65321E514740003C90E /* Sources */,
				589BF65421E514740003C90E /* Frameworks */,
				589BF65521E514740003C90E /* Resources */,
				13965767B53FE975516B980B /* [CP] Embed Pods Frameworks */,
			);
			buildRules = (
			);
			dependencies = (
			);
			name = FaceIDPOC;
			productName = FaceIDPOC;
			productReference = 589BF65721E514740003C90E /* FaceIDPOC.app */;
			productType = "com.apple.product-type.application";
		};
/* End PBXNativeTarget section */

/* Begin PBXProject section */
		589BF64F21E514740003C90E /* Project object */ = {
			isa = PBXProject;
			attributes = {
				LastSwiftUpdateCheck = 1010;
				LastUpgradeCheck = 1010;
				ORGANIZATIONNAME = "Rajaselvan Thangaraj";
				TargetAttributes = {
					589BF65621E514740003C90E = {
						CreatedOnToolsVersion = 10.1;
					};
				};
			};
			buildConfigurationList = 589BF65221E514740003C90E /* Build configuration list for PBXProject "FaceIDPOC" */;
			compatibilityVersion = "Xcode 9.3";
			developmentRegion = en;
			hasScannedForEncodings = 0;
			knownRegions = (
				en,
				Base,
			);
			mainGroup = 589BF64E21E514740003C90E;
			productRefGroup = 589BF65821E514740003C90E /* Products */;
			projectDirPath = "";
			projectRoot = "";
			targets = (
				589BF65621E514740003C90E /* FaceIDPOC */,
			);
		};
/* End PBXProject section */

/* Begin PBXResourcesBuildPhase section */
		589BF65521E514740003C90E /* Resources */ = {
			isa = PBXResourcesBuildPhase;
			buildActionMask = 2147483647;
			files = (
				589BF66521E514780003C90E /* LaunchScreen.storyboard in Resources */,
				589BF66221E514780003C90E /* Assets.xcassets in Resources */,
				589BF66021E514740003C90E /* Main.storyboard in Resources */,
			);
			runOnlyForDeploymentPostprocessing = 0;
		};
/* End PBXResourcesBuildPhase section */

/* Begin PBXShellScriptBuildPhase section */
		13965767B53FE975516B980B /* [CP] Embed Pods Frameworks */ = {
			isa = PBXShellScriptBuildPhase;
			buildActionMask = 2147483647;
			files = (
			);
			inputFileListPaths = (
			);
			inputPaths = (
				"${SRCROOT}/Pods/Target Support Files/Pods-FaceIDPOC/Pods-FaceIDPOC-frameworks.sh",
				"${BUILT_PRODUCTS_DIR}/PBJVision/PBJVision.framework",
				"${BUILT_PRODUCTS_DIR}/PMAlertController/PMAlertController.framework",
			);
			name = "[CP] Embed Pods Frameworks";
			outputFileListPaths = (
			);
			outputPaths = (
				"${TARGET_BUILD_DIR}/${FRAMEWORKS_FOLDER_PATH}/PBJVision.framework",
				"${TARGET_BUILD_DIR}/${FRAMEWORKS_FOLDER_PATH}/PMAlertController.framework",
			);
			runOnlyForDeploymentPostprocessing = 0;
			shellPath = /bin/sh;
			shellScript = "\"${SRCROOT}/Pods/Target Support Files/Pods-FaceIDPOC/Pods-FaceIDPOC-frameworks.sh\"\n";
			showEnvVarsInLog = 0;
		};
		E3113CD7E795A8D40A5A4AA5 /* [CP] Check Pods Manifest.lock */ = {
			isa = PBXShellScriptBuildPhase;
			buildActionMask = 2147483647;
			files = (
			);
			inputFileListPaths = (
			);
			inputPaths = (
				"${PODS_PODFILE_DIR_PATH}/Podfile.lock",
				"${PODS_ROOT}/Manifest.lock",
			);
			name = "[CP] Check Pods Manifest.lock";
			outputFileListPaths = (
			);
			outputPaths = (
				"$(DERIVED_FILE_DIR)/Pods-FaceIDPOC-checkManifestLockResult.txt",
			);
			runOnlyForDeploymentPostprocessing = 0;
			shellPath = /bin/sh;
			shellScript = "diff \"${PODS_PODFILE_DIR_PATH}/Podfile.lock\" \"${PODS_ROOT}/Manifest.lock\" > /dev/null\nif [ $? != 0 ] ; then\n    # print error to STDERR\n    echo \"error: The sandbox is not in sync with the Podfile.lock. Run 'pod install' or update your CocoaPods installation.\" >&2\n    exit 1\nfi\n# This output is used by Xcode 'outputs' to avoid re-running this script phase.\necho \"SUCCESS\" > \"${SCRIPT_OUTPUT_FILE_0}\"\n";
			showEnvVarsInLog = 0;
		};
/* End PBXShellScriptBuildPhase section */

/* Begin PBXSourcesBuildPhase section */
		589BF65321E514740003C90E /* Sources */ = {
			isa = PBXSourcesBuildPhase;
			buildActionMask = 2147483647;
			files = (
				581CF3D521E58AC50068BD76 /* OnboardingViewController.swift in Sources */,
				58067EC221E5B2250059E863 /* ScanViewController.swift in Sources */,
				A37ACB4121E612B6006316D8 /* FaceRecognition.mlmodel in Sources */,
				58067EC421E5B2950059E863 /* UIImageExtensions.swift in Sources */,
				589BF65B21E514740003C90E /* AppDelegate.swift in Sources */,
				046B810E21E60DA400819A83 /* FaceCropper.swift in Sources */,
				581CF3D721E58B1C0068BD76 /* RecordVideoViewController.swift in Sources */,
			);
			runOnlyForDeploymentPostprocessing = 0;
		};
/* End PBXSourcesBuildPhase section */

/* Begin PBXVariantGroup section */
		589BF65E21E514740003C90E /* Main.storyboard */ = {
			isa = PBXVariantGroup;
			children = (
				589BF65F21E514740003C90E /* Base */,
			);
			name = Main.storyboard;
			sourceTree = "<group>";
		};
		589BF66321E514780003C90E /* LaunchScreen.storyboard */ = {
			isa = PBXVariantGroup;
			children = (
				589BF66421E514780003C90E /* Base */,
			);
			name = LaunchScreen.storyboard;
			sourceTree = "<group>";
		};
/* End PBXVariantGroup section */

/* Begin XCBuildConfiguration section */
		589BF66721E514780003C90E /* Debug */ = {
			isa = XCBuildConfiguration;
			buildSettings = {
				ALWAYS_SEARCH_USER_PATHS = NO;
				CLANG_ANALYZER_NONNULL = YES;
				CLANG_ANALYZER_NUMBER_OBJECT_CONVERSION = YES_AGGRESSIVE;
				CLANG_CXX_LANGUAGE_STANDARD = "gnu++14";
				CLANG_CXX_LIBRARY = "libc++";
				CLANG_ENABLE_MODULES = YES;
				CLANG_ENABLE_OBJC_ARC = YES;
				CLANG_ENABLE_OBJC_WEAK = YES;
				CLANG_WARN_BLOCK_CAPTURE_AUTORELEASING = YES;
				CLANG_WARN_BOOL_CONVERSION = YES;
				CLANG_WARN_COMMA = YES;
				CLANG_WARN_CONSTANT_CONVERSION = YES;
				CLANG_WARN_DEPRECATED_OBJC_IMPLEMENTATIONS = YES;
				CLANG_WARN_DIRECT_OBJC_ISA_USAGE = YES_ERROR;
				CLANG_WARN_DOCUMENTATION_COMMENTS = YES;
				CLANG_WARN_EMPTY_BODY = YES;
				CLANG_WARN_ENUM_CONVERSION = YES;
				CLANG_WARN_INFINITE_RECURSION = YES;
				CLANG_WARN_INT_CONVERSION = YES;
				CLANG_WARN_NON_LITERAL_NULL_CONVERSION = YES;
				CLANG_WARN_OBJC_IMPLICIT_RETAIN_SELF = YES;
				CLANG_WARN_OBJC_LITERAL_CONVERSION = YES;
				CLANG_WARN_OBJC_ROOT_CLASS = YES_ERROR;
				CLANG_WARN_RANGE_LOOP_ANALYSIS = YES;
				CLANG_WARN_STRICT_PROTOTYPES = YES;
				CLANG_WARN_SUSPICIOUS_MOVE = YES;
				CLANG_WARN_UNGUARDED_AVAILABILITY = YES_AGGRESSIVE;
				CLANG_WARN_UNREACHABLE_CODE = YES;
				CLANG_WARN__DUPLICATE_METHOD_MATCH = YES;
				CODE_SIGN_IDENTITY = "iPhone Developer";
				COPY_PHASE_STRIP = NO;
				DEBUG_INFORMATION_FORMAT = dwarf;
				ENABLE_STRICT_OBJC_MSGSEND = YES;
				ENABLE_TESTABILITY = YES;
				GCC_C_LANGUAGE_STANDARD = gnu11;
				GCC_DYNAMIC_NO_PIC = NO;
				GCC_NO_COMMON_BLOCKS = YES;
				GCC_OPTIMIZATION_LEVEL = 0;
				GCC_PREPROCESSOR_DEFINITIONS = (
					"DEBUG=1",
					"$(inherited)",
				);
				GCC_WARN_64_TO_32_BIT_CONVERSION = YES;
				GCC_WARN_ABOUT_RETURN_TYPE = YES_ERROR;
				GCC_WARN_UNDECLARED_SELECTOR = YES;
				GCC_WARN_UNINITIALIZED_AUTOS = YES_AGGRESSIVE;
				GCC_WARN_UNUSED_FUNCTION = YES;
				GCC_WARN_UNUSED_VARIABLE = YES;
				IPHONEOS_DEPLOYMENT_TARGET = 12.1;
				MTL_ENABLE_DEBUG_INFO = INCLUDE_SOURCE;
				MTL_FAST_MATH = YES;
				ONLY_ACTIVE_ARCH = YES;
				SDKROOT = iphoneos;
				SWIFT_ACTIVE_COMPILATION_CONDITIONS = DEBUG;
				SWIFT_OPTIMIZATION_LEVEL = "-Onone";
			};
			name = Debug;
		};
		589BF66821E514780003C90E /* Release */ = {
			isa = XCBuildConfiguration;
			buildSettings = {
				ALWAYS_SEARCH_USER_PATHS = NO;
				CLANG_ANALYZER_NONNULL = YES;
				CLANG_ANALYZER_NUMBER_OBJECT_CONVERSION = YES_AGGRESSIVE;
				CLANG_CXX_LANGUAGE_STANDARD = "gnu++14";
				CLANG_CXX_LIBRARY = "libc++";
				CLANG_ENABLE_MODULES = YES;
				CLANG_ENABLE_OBJC_ARC = YES;
				CLANG_ENABLE_OBJC_WEAK = YES;
				CLANG_WARN_BLOCK_CAPTURE_AUTORELEASING = YES;
				CLANG_WARN_BOOL_CONVERSION = YES;
				CLANG_WARN_COMMA = YES;
				CLANG_WARN_CONSTANT_CONVERSION = YES;
				CLANG_WARN_DEPRECATED_OBJC_IMPLEMENTATIONS = YES;
				CLANG_WARN_DIRECT_OBJC_ISA_USAGE = YES_ERROR;
				CLANG_WARN_DOCUMENTATION_COMMENTS = YES;
				CLANG_WARN_EMPTY_BODY = YES;
				CLANG_WARN_ENUM_CONVERSION = YES;
				CLANG_WARN_INFINITE_RECURSION = YES;
				CLANG_WARN_INT_CONVERSION = YES;
				CLANG_WARN_NON_LITERAL_NULL_CONVERSION = YES;
				CLANG_WARN_OBJC_IMPLICIT_RETAIN_SELF = YES;
				CLANG_WARN_OBJC_LITERAL_CONVERSION = YES;
				CLANG_WARN_OBJC_ROOT_CLASS = YES_ERROR;
				CLANG_WARN_RANGE_LOOP_ANALYSIS = YES;
				CLANG_WARN_STRICT_PROTOTYPES = YES;
				CLANG_WARN_SUSPICIOUS_MOVE = YES;
				CLANG_WARN_UNGUARDED_AVAILABILITY = YES_AGGRESSIVE;
				CLANG_WARN_UNREACHABLE_CODE = YES;
				CLANG_WARN__DUPLICATE_METHOD_MATCH = YES;
				CODE_SIGN_IDENTITY = "iPhone Developer";
				COPY_PHASE_STRIP = NO;
				DEBUG_INFORMATION_FORMAT = "dwarf-with-dsym";
				ENABLE_NS_ASSERTIONS = NO;
				ENABLE_STRICT_OBJC_MSGSEND = YES;
				GCC_C_LANGUAGE_STANDARD = gnu11;
				GCC_NO_COMMON_BLOCKS = YES;
				GCC_WARN_64_TO_32_BIT_CONVERSION = YES;
				GCC_WARN_ABOUT_RETURN_TYPE = YES_ERROR;
				GCC_WARN_UNDECLARED_SELECTOR = YES;
				GCC_WARN_UNINITIALIZED_AUTOS = YES_AGGRESSIVE;
				GCC_WARN_UNUSED_FUNCTION = YES;
				GCC_WARN_UNUSED_VARIABLE = YES;
				IPHONEOS_DEPLOYMENT_TARGET = 12.1;
				MTL_ENABLE_DEBUG_INFO = NO;
				MTL_FAST_MATH = YES;
				SDKROOT = iphoneos;
				SWIFT_COMPILATION_MODE = wholemodule;
				SWIFT_OPTIMIZATION_LEVEL = "-O";
				VALIDATE_PRODUCT = YES;
			};
			name = Release;
		};
		589BF66A21E514780003C90E /* Debug */ = {
			isa = XCBuildConfiguration;
			baseConfigurationReference = DD6F09E2E8E92C24326B45BC /* Pods-FaceIDPOC.debug.xcconfig */;
			buildSettings = {
				ASSETCATALOG_COMPILER_APPICON_NAME = AppIcon;
				CODE_SIGN_STYLE = Automatic;
				DEVELOPMENT_TEAM = 9W5W4S5PA3;
				INFOPLIST_FILE = FaceIDPOC/Info.plist;
				IPHONEOS_DEPLOYMENT_TARGET = 11.0;
				LD_RUNPATH_SEARCH_PATHS = (
					"$(inherited)",
					"@executable_path/Frameworks",
				);
				PRODUCT_BUNDLE_IDENTIFIER = com.ideas2it.FaceIDPOC;
				PRODUCT_NAME = "$(TARGET_NAME)";
				SWIFT_VERSION = 4.2;
				TARGETED_DEVICE_FAMILY = "1,2";
			};
			name = Debug;
		};
		589BF66B21E514780003C90E /* Release */ = {
			isa = XCBuildConfiguration;
			baseConfigurationReference = 9054E5FDFDFD1322AD100735 /* Pods-FaceIDPOC.release.xcconfig */;
			buildSettings = {
				ASSETCATALOG_COMPILER_APPICON_NAME = AppIcon;
				CODE_SIGN_STYLE = Automatic;
				DEVELOPMENT_TEAM = 9W5W4S5PA3;
				INFOPLIST_FILE = FaceIDPOC/Info.plist;
				IPHONEOS_DEPLOYMENT_TARGET = 11.0;
				LD_RUNPATH_SEARCH_PATHS = (
					"$(inherited)",
					"@executable_path/Frameworks",
				);
				PRODUCT_BUNDLE_IDENTIFIER = com.ideas2it.FaceIDPOC;
				PRODUCT_NAME = "$(TARGET_NAME)";
				SWIFT_VERSION = 4.2;
				TARGETED_DEVICE_FAMILY = "1,2";
			};
			name = Release;
		};
/* End XCBuildConfiguration section */

/* Begin XCConfigurationList section */
		589BF65221E514740003C90E /* Build configuration list for PBXProject "FaceIDPOC" */ = {
			isa = XCConfigurationList;
			buildConfigurations = (
				589BF66721E514780003C90E /* Debug */,
				589BF66821E514780003C90E /* Release */,
			);
			defaultConfigurationIsVisible = 0;
			defaultConfigurationName = Release;
		};
		589BF66921E514780003C90E /* Build configuration list for PBXNativeTarget "FaceIDPOC" */ = {
			isa = XCConfigurationList;
			buildConfigurations = (
				589BF66A21E514780003C90E /* Debug */,
				589BF66B21E514780003C90E /* Release */,
			);
			defaultConfigurationIsVisible = 0;
			defaultConfigurationName = Release;
		};
/* End XCConfigurationList section */
	};
	rootObject = 589BF64F21E514740003C90E /* Project object */;
}
